
Microsoft Visual Studio Solution File, Format Version 12.00
# Visual Studio Version 16
VisualStudioVersion = 16.0.31025.194
MinimumVisualStudioVersion = 10.0.40219.1
Project("{9A19103F-16F7-4668-BE54-9A1E7A4F7556}") = "VectorUI", "VectorUI\VectorUI.csproj", "{B6B52401-FA69-42E1-B571-AC04A99C4FA9}"
EndProject
Project("{9A19103F-16F7-4668-BE54-9A1E7A4F7556}") = "VectoLib", "VectoLib\VectoLib.csproj", "{B9BC728E-B3D8-4C1A-ACC2-700A74E0399B}"
EndProject
Project("{9A19103F-16F7-4668-BE54-9A1E7A4F7556}") = "VectoLib.Tests", "VectoLib.Tests\VectoLib.Tests.csproj", "{8B304E11-B6D7-4771-8AD0-7282CAAC3A74}"
EndProject
Project("{FAE04EC0-301F-11D3-BF4B-00C04F79EFBC}") = "VectorUI.Tests", "VectorUI.Tests\VectorUI.Tests.csproj", "{9A3389D8-1644-419E-82FF-AADB2B3A7950}"
EndProject
Global
	GlobalSection(SolutionConfigurationPlatforms) = preSolution
		Debug|Any CPU = Debug|Any CPU
		Debug|ARM = Debug|ARM
		Debug|arm64 = Debug|arm64
		Debug|x64 = Debug|x64
		Debug|x86 = Debug|x86
		Release|Any CPU = Release|Any CPU
		Release|ARM = Release|ARM
		Release|arm64 = Release|arm64
		Release|x64 = Release|x64
		Release|x86 = Release|x86
	EndGlobalSection
	GlobalSection(ProjectConfigurationPlatforms) = postSolution
		{B6B52401-FA69-42E1-B571-AC04A99C4FA9}.Debug|Any CPU.ActiveCfg = Debug|Any CPU
		{B6B52401-FA69-42E1-B571-AC04A99C4FA9}.Debug|Any CPU.Build.0 = Debug|Any CPU
		{B6B52401-FA69-42E1-B571-AC04A99C4FA9}.Debug|ARM.ActiveCfg = Debug|Any CPU
		{B6B52401-FA69-42E1-B571-AC04A99C4FA9}.Debug|ARM.Build.0 = Debug|Any CPU
		{B6B52401-FA69-42E1-B571-AC04A99C4FA9}.Debug|arm64.ActiveCfg = Debug|Any CPU
		{B6B52401-FA69-42E1-B571-AC04A99C4FA9}.Debug|arm64.Build.0 = Debug|Any CPU
		{B6B52401-FA69-42E1-B571-AC04A99C4FA9}.Debug|x64.ActiveCfg = Debug|Any CPU
		{B6B52401-FA69-42E1-B571-AC04A99C4FA9}.Debug|x64.Build.0 = Debug|Any CPU
		{B6B52401-FA69-42E1-B571-AC04A99C4FA9}.Debug|x86.ActiveCfg = Debug|Any CPU
		{B6B52401-FA69-42E1-B571-AC04A99C4FA9}.Debug|x86.Build.0 = Debug|Any CPU
		{B6B52401-FA69-42E1-B571-AC04A99C4FA9}.Release|Any CPU.ActiveCfg = Release|Any CPU
		{B6B52401-FA69-42E1-B571-AC04A99C4FA9}.Release|Any CPU.Build.0 = Release|Any CPU
		{B6B52401-FA69-42E1-B571-AC04A99C4FA9}.Release|ARM.ActiveCfg = Release|Any CPU
		{B6B52401-FA69-42E1-B571-AC04A99C4FA9}.Release|ARM.Build.0 = Release|Any CPU
		{B6B52401-FA69-42E1-B571-AC04A99C4FA9}.Release|arm64.ActiveCfg = Release|Any CPU
		{B6B52401-FA69-42E1-B571-AC04A99C4FA9}.Release|arm64.Build.0 = Release|Any CPU
		{B6B52401-FA69-42E1-B571-AC04A99C4FA9}.Release|x64.ActiveCfg = Release|Any CPU
		{B6B52401-FA69-42E1-B571-AC04A99C4FA9}.Release|x64.Build.0 = Release|Any CPU
		{B6B52401-FA69-42E1-B571-AC04A99C4FA9}.Release|x86.ActiveCfg = Release|Any CPU
		{B6B52401-FA69-42E1-B571-AC04A99C4FA9}.Release|x86.Build.0 = Release|Any CPU
		{B9BC728E-B3D8-4C1A-ACC2-700A74E0399B}.Debug|Any CPU.ActiveCfg = Debug|Any CPU
		{B9BC728E-B3D8-4C1A-ACC2-700A74E0399B}.Debug|Any CPU.Build.0 = Debug|Any CPU
		{B9BC728E-B3D8-4C1A-ACC2-700A74E0399B}.Debug|ARM.ActiveCfg = Debug|Any CPU
		{B9BC728E-B3D8-4C1A-ACC2-700A74E0399B}.Debug|ARM.Build.0 = Debug|Any CPU
		{B9BC728E-B3D8-4C1A-ACC2-700A74E0399B}.Debug|arm64.ActiveCfg = Debug|Any CPU
		{B9BC728E-B3D8-4C1A-ACC2-700A74E0399B}.Debug|arm64.Build.0 = Debug|Any CPU
		{B9BC728E-B3D8-4C1A-ACC2-700A74E0399B}.Debug|x64.ActiveCfg = Debug|Any CPU
		{B9BC728E-B3D8-4C1A-ACC2-700A74E0399B}.Debug|x64.Build.0 = Debug|Any CPU
		{B9BC728E-B3D8-4C1A-ACC2-700A74E0399B}.Debug|x86.ActiveCfg = Debug|Any CPU
		{B9BC728E-B3D8-4C1A-ACC2-700A74E0399B}.Debug|x86.Build.0 = Debug|Any CPU
		{B9BC728E-B3D8-4C1A-ACC2-700A74E0399B}.Release|Any CPU.ActiveCfg = Release|Any CPU
		{B9BC728E-B3D8-4C1A-ACC2-700A74E0399B}.Release|Any CPU.Build.0 = Release|Any CPU
		{B9BC728E-B3D8-4C1A-ACC2-700A74E0399B}.Release|ARM.ActiveCfg = Release|Any CPU
		{B9BC728E-B3D8-4C1A-ACC2-700A74E0399B}.Release|ARM.Build.0 = Release|Any CPU
		{B9BC728E-B3D8-4C1A-ACC2-700A74E0399B}.Release|arm64.ActiveCfg = Release|Any CPU
		{B9BC728E-B3D8-4C1A-ACC2-700A74E0399B}.Release|arm64.Build.0 = Release|Any CPU
		{B9BC728E-B3D8-4C1A-ACC2-700A74E0399B}.Release|x64.ActiveCfg = Release|Any CPU
		{B9BC728E-B3D8-4C1A-ACC2-700A74E0399B}.Release|x64.Build.0 = Release|Any CPU
		{B9BC728E-B3D8-4C1A-ACC2-700A74E0399B}.Release|x86.ActiveCfg = Release|Any CPU
		{B9BC728E-B3D8-4C1A-ACC2-700A74E0399B}.Release|x86.Build.0 = Release|Any CPU
		{8B304E11-B6D7-4771-8AD0-7282CAAC3A74}.Debug|Any CPU.ActiveCfg = Debug|Any CPU
		{8B304E11-B6D7-4771-8AD0-7282CAAC3A74}.Debug|Any CPU.Build.0 = Debug|Any CPU
		{8B304E11-B6D7-4771-8AD0-7282CAAC3A74}.Debug|ARM.ActiveCfg = Debug|Any CPU
		{8B304E11-B6D7-4771-8AD0-7282CAAC3A74}.Debug|ARM.Build.0 = Debug|Any CPU
		{8B304E11-B6D7-4771-8AD0-7282CAAC3A74}.Debug|arm64.ActiveCfg = Debug|Any CPU
		{8B304E11-B6D7-4771-8AD0-7282CAAC3A74}.Debug|arm64.Build.0 = Debug|Any CPU
		{8B304E11-B6D7-4771-8AD0-7282CAAC3A74}.Debug|x64.ActiveCfg = Debug|Any CPU
		{8B304E11-B6D7-4771-8AD0-7282CAAC3A74}.Debug|x64.Build.0 = Debug|Any CPU
		{8B304E11-B6D7-4771-8AD0-7282CAAC3A74}.Debug|x86.ActiveCfg = Debug|Any CPU
		{8B304E11-B6D7-4771-8AD0-7282CAAC3A74}.Debug|x86.Build.0 = Debug|Any CPU
		{8B304E11-B6D7-4771-8AD0-7282CAAC3A74}.Release|Any CPU.ActiveCfg = Release|Any CPU
		{8B304E11-B6D7-4771-8AD0-7282CAAC3A74}.Release|Any CPU.Build.0 = Release|Any CPU
		{8B304E11-B6D7-4771-8AD0-7282CAAC3A74}.Release|ARM.ActiveCfg = Release|Any CPU
		{8B304E11-B6D7-4771-8AD0-7282CAAC3A74}.Release|ARM.Build.0 = Release|Any CPU
		{8B304E11-B6D7-4771-8AD0-7282CAAC3A74}.Release|arm64.ActiveCfg = Release|Any CPU
		{8B304E11-B6D7-4771-8AD0-7282CAAC3A74}.Release|arm64.Build.0 = Release|Any CPU
		{8B304E11-B6D7-4771-8AD0-7282CAAC3A74}.Release|x64.ActiveCfg = Release|Any CPU
		{8B304E11-B6D7-4771-8AD0-7282CAAC3A74}.Release|x64.Build.0 = Release|Any CPU
		{8B304E11-B6D7-4771-8AD0-7282CAAC3A74}.Release|x86.ActiveCfg = Release|Any CPU
		{8B304E11-B6D7-4771-8AD0-7282CAAC3A74}.Release|x86.Build.0 = Release|Any CPU
		{9A3389D8-1644-419E-82FF-AADB2B3A7950}.Debug|Any CPU.ActiveCfg = Debug|Any CPU
		{9A3389D8-1644-419E-82FF-AADB2B3A7950}.Debug|Any CPU.Build.0 = Debug|Any CPU
		{9A3389D8-1644-419E-82FF-AADB2B3A7950}.Debug|ARM.ActiveCfg = Debug|Any CPU
		{9A3389D8-1644-419E-82FF-AADB2B3A7950}.Debug|ARM.Build.0 = Debug|Any CPU
		{9A3389D8-1644-419E-82FF-AADB2B3A7950}.Debug|arm64.ActiveCfg = Debug|Any CPU
		{9A3389D8-1644-419E-82FF-AADB2B3A7950}.Debug|arm64.Build.0 = Debug|Any CPU
		{9A3389D8-1644-419E-82FF-AADB2B3A7950}.Debug|x64.ActiveCfg = Debug|Any CPU
		{9A3389D8-1644-419E-82FF-AADB2B3A7950}.Debug|x64.Build.0 = Debug|Any CPU
		{9A3389D8-1644-419E-82FF-AADB2B3A7950}.Debug|x86.ActiveCfg = Debug|Any CPU
		{9A3389D8-1644-419E-82FF-AADB2B3A7950}.Debug|x86.Build.0 = Debug|Any CPU
		{9A3389D8-1644-419E-82FF-AADB2B3A7950}.Release|Any CPU.ActiveCfg = Release|Any CPU
		{9A3389D8-1644-419E-82FF-AADB2B3A7950}.Release|Any CPU.Build.0 = Release|Any CPU
		{9A3389D8-1644-419E-82FF-AADB2B3A7950}.Release|ARM.ActiveCfg = Release|Any CPU
		{9A3389D8-1644-419E-82FF-AADB2B3A7950}.Release|ARM.Build.0 = Release|Any CPU
		{9A3389D8-1644-419E-82FF-AADB2B3A7950}.Release|arm64.ActiveCfg = Release|Any CPU
		{9A3389D8-1644-419E-82FF-AADB2B3A7950}.Release|arm64.Build.0 = Release|Any CPU
		{9A3389D8-1644-419E-82FF-AADB2B3A7950}.Release|x64.ActiveCfg = Release|Any CPU
		{9A3389D8-1644-419E-82FF-AADB2B3A7950}.Release|x64.Build.0 = Release|Any CPU
		{9A3389D8-1644-419E-82FF-AADB2B3A7950}.Release|x86.ActiveCfg = Release|Any CPU
		{9A3389D8-1644-419E-82FF-AADB2B3A7950}.Release|x86.Build.0 = Release|Any CPU
	EndGlobalSection
	GlobalSection(SolutionProperties) = preSolution
		HideSolutionNode = FALSE
	EndGlobalSection
	GlobalSection(ExtensibilityGlobals) = postSolution
		SolutionGuid = {E183F2A3-D4D8-4231-B310-4DD91F6B76D6}
	EndGlobalSection
EndGlobal
